
Microsoft Visual Studio Solution File, Format Version 12.00
# Visual Studio Version 17
VisualStudioVersion = 17.4.33110.190
MinimumVisualStudioVersion = 10.0.40219.1
Project("{FAE04EC0-301F-11D3-BF4B-00C04F79EFBC}") = "HotelDB", "HotelDB\HotelDB.csproj", "{38BE9A32-ACF6-4EF8-BF04-4B152EC8753D}"
EndProject
Global
	GlobalSection(SolutionConfigurationPlatforms) = preSolution
		Debug|Any CPU = Debug|Any CPU
		Release|Any CPU = Release|Any CPU
	EndGlobalSection
	GlobalSection(ProjectConfigurationPlatforms) = postSolution
		{38BE9A32-ACF6-4EF8-BF04-4B152EC8753D}.Debug|Any CPU.ActiveCfg = Debug|Any CPU
		{38BE9A32-ACF6-4EF8-BF04-4B152EC8753D}.Debug|Any CPU.Build.0 = Debug|Any CPU
		{38BE9A32-ACF6-4EF8-BF04-4B152EC8753D}.Release|Any CPU.ActiveCfg = Release|Any CPU
		{38BE9A32-ACF6-4EF8-BF04-4B152EC8753D}.Release|Any CPU.Build.0 = Release|Any CPU
	EndGlobalSection
	GlobalSection(SolutionProperties) = preSolution
		HideSolutionNode = FALSE
	EndGlobalSection
	GlobalSection(ExtensibilityGlobals) = postSolution
		SolutionGuid = {34619423-9FAF-4B63-81D1-71446D58C701}
	EndGlobalSection
EndGlobal
