
Microsoft Visual Studio Solution File, Format Version 12.00
# Visual Studio Version 17
VisualStudioVersion = 17.5.33414.496
MinimumVisualStudioVersion = 10.0.40219.1
Project("{FAE04EC0-301F-11D3-BF4B-00C04F79EFBC}") = "HotelManagementSystem", "HotelManagementSystem\HotelManagementSystem.csproj", "{CFE0C86D-CFD3-4590-831C-A1C8C74AA828}"
EndProject
Global
	GlobalSection(SolutionConfigurationPlatforms) = preSolution
		Debug|Any CPU = Debug|Any CPU
		Release|Any CPU = Release|Any CPU
	EndGlobalSection
	GlobalSection(ProjectConfigurationPlatforms) = postSolution
		{CFE0C86D-CFD3-4590-831C-A1C8C74AA828}.Debug|Any CPU.ActiveCfg = Debug|Any CPU
		{CFE0C86D-CFD3-4590-831C-A1C8C74AA828}.Debug|Any CPU.Build.0 = Debug|Any CPU
		{CFE0C86D-CFD3-4590-831C-A1C8C74AA828}.Release|Any CPU.ActiveCfg = Release|Any CPU
		{CFE0C86D-CFD3-4590-831C-A1C8C74AA828}.Release|Any CPU.Build.0 = Release|Any CPU
	EndGlobalSection
	GlobalSection(SolutionProperties) = preSolution
		HideSolutionNode = FALSE
	EndGlobalSection
	GlobalSection(ExtensibilityGlobals) = postSolution
		SolutionGuid = {D51B37CF-BA33-49DF-BB71-FD04937343E4}
	EndGlobalSection
EndGlobal
